
Microsoft Visual Studio Solution File, Format Version 12.00
# Visual Studio 15
VisualStudioVersion = 15.0.28307.136
MinimumVisualStudioVersion = 10.0.40219.1
Project("{9A19103F-16F7-4668-BE54-9A1E7A4F7556}") = "HangmanLibrary", "HangmanLibrary\HangmanLibrary.csproj", "{CE1BA393-C936-4658-8B79-74482C176AF7}"
EndProject
Project("{9A19103F-16F7-4668-BE54-9A1E7A4F7556}") = "ConsoleUI", "ConsoleUI\ConsoleUI.csproj", "{F5015815-BC90-494C-A7EA-CDE1DE587B85}"
EndProject
Project("{FAE04EC0-301F-11D3-BF4B-00C04F79EFBC}") = "HangmanLibrary.Tests", "HangmanLibrary.Tests\HangmanLibrary.Tests.csproj", "{51A5532D-1FCA-4F9C-9280-DC1D0FECD974}"
EndProject
Global
	GlobalSection(SolutionConfigurationPlatforms) = preSolution
		Debug|Any CPU = Debug|Any CPU
		Release|Any CPU = Release|Any CPU
	EndGlobalSection
	GlobalSection(ProjectConfigurationPlatforms) = postSolution
		{CE1BA393-C936-4658-8B79-74482C176AF7}.Debug|Any CPU.ActiveCfg = Debug|Any CPU
		{CE1BA393-C936-4658-8B79-74482C176AF7}.Debug|Any CPU.Build.0 = Debug|Any CPU
		{CE1BA393-C936-4658-8B79-74482C176AF7}.Release|Any CPU.ActiveCfg = Release|Any CPU
		{CE1BA393-C936-4658-8B79-74482C176AF7}.Release|Any CPU.Build.0 = Release|Any CPU
		{F5015815-BC90-494C-A7EA-CDE1DE587B85}.Debug|Any CPU.ActiveCfg = Debug|Any CPU
		{F5015815-BC90-494C-A7EA-CDE1DE587B85}.Debug|Any CPU.Build.0 = Debug|Any CPU
		{F5015815-BC90-494C-A7EA-CDE1DE587B85}.Release|Any CPU.ActiveCfg = Release|Any CPU
		{F5015815-BC90-494C-A7EA-CDE1DE587B85}.Release|Any CPU.Build.0 = Release|Any CPU
		{51A5532D-1FCA-4F9C-9280-DC1D0FECD974}.Debug|Any CPU.ActiveCfg = Debug|Any CPU
		{51A5532D-1FCA-4F9C-9280-DC1D0FECD974}.Debug|Any CPU.Build.0 = Debug|Any CPU
		{51A5532D-1FCA-4F9C-9280-DC1D0FECD974}.Release|Any CPU.ActiveCfg = Release|Any CPU
		{51A5532D-1FCA-4F9C-9280-DC1D0FECD974}.Release|Any CPU.Build.0 = Release|Any CPU
	EndGlobalSection
	GlobalSection(SolutionProperties) = preSolution
		HideSolutionNode = FALSE
	EndGlobalSection
	GlobalSection(ExtensibilityGlobals) = postSolution
		SolutionGuid = {AD5B1D72-FFFD-48A0-BB77-F1AA9051E220}
	EndGlobalSection
EndGlobal
